# THIS IS AN AUTOGENERATED FILE. DO NOT EDIT THIS FILE DIRECTLY.
# yarn lockfile v1


"@vant/weapp@^1.6.2":
  version "1.6.2"
  resolved "https://registry.yarnpkg.com/@vant/weapp/-/weapp-1.6.2.tgz#51a552ae597648b6955ed7360a537c126d9b83c3"
  integrity sha512-BFzrUFGUfnIoA0ZKWrATSZvGI4/E2eDqpjSIL9fYm6ExtLXhDsiennJltESph0aMGPIDn6ziHgCvNAD+GRnqoQ==

vtuweapp@^1.2.7:
  version "1.2.7"
  resolved "https://registry.yarnpkg.com/vtuweapp/-/vtuweapp-1.2.7.tgz#e670a04f8246fa3ac214e701033c40da38a7adaa"
  integrity sha512-AFf6963aG9dckTk9v5Yhm+dRWllL5lxpZvqD/9npaIwPoqAO6FYLSzshKngJ9twlZkRI3elzmUpF9nsT72bINQ==
